
Microsoft Visual Studio Solution File, Format Version 12.00
# Visual Studio Version 16
VisualStudioVersion = 16.0.29920.165
MinimumVisualStudioVersion = 10.0.40219.1
Project("{FAE04EC0-301F-11D3-BF4B-00C04F79EFBC}") = "WakeOnLanServer", "WakeOnLanServer\WakeOnLanServer.csproj", "{47003286-4342-4A03-88E1-3131B4C474EE}"
EndProject
Project("{9A19103F-16F7-4668-BE54-9A1E7A4F7556}") = "WakeOnLan", "WakeOnLan\WakeOnLan.csproj", "{5DD18D49-00D6-4FA0-8C60-EDBE4C0B6041}"
EndProject
Project("{FAE04EC0-301F-11D3-BF4B-00C04F79EFBC}") = "WakeOnLanClient", "WakeOnLanClient\WakeOnLanClient.csproj", "{88FA90EA-CE62-4748-9A82-E64D39845D07}"
EndProject
Project("{FAE04EC0-301F-11D3-BF4B-00C04F79EFBC}") = "WakeOnLanMonitor", "WakeOnLanMonitor\WakeOnLanMonitor.csproj", "{ECB26CF1-003B-420F-A561-2E4A36D9F7AD}"
EndProject
Global
	GlobalSection(SolutionConfigurationPlatforms) = preSolution
		Debug|Any CPU = Debug|Any CPU
		Release|Any CPU = Release|Any CPU
	EndGlobalSection
	GlobalSection(ProjectConfigurationPlatforms) = postSolution
		{47003286-4342-4A03-88E1-3131B4C474EE}.Debug|Any CPU.ActiveCfg = Debug|Any CPU
		{47003286-4342-4A03-88E1-3131B4C474EE}.Debug|Any CPU.Build.0 = Debug|Any CPU
		{47003286-4342-4A03-88E1-3131B4C474EE}.Release|Any CPU.ActiveCfg = Release|Any CPU
		{47003286-4342-4A03-88E1-3131B4C474EE}.Release|Any CPU.Build.0 = Release|Any CPU
		{5DD18D49-00D6-4FA0-8C60-EDBE4C0B6041}.Debug|Any CPU.ActiveCfg = Debug|Any CPU
		{5DD18D49-00D6-4FA0-8C60-EDBE4C0B6041}.Debug|Any CPU.Build.0 = Debug|Any CPU
		{5DD18D49-00D6-4FA0-8C60-EDBE4C0B6041}.Release|Any CPU.ActiveCfg = Release|Any CPU
		{5DD18D49-00D6-4FA0-8C60-EDBE4C0B6041}.Release|Any CPU.Build.0 = Release|Any CPU
		{88FA90EA-CE62-4748-9A82-E64D39845D07}.Debug|Any CPU.ActiveCfg = Debug|Any CPU
		{88FA90EA-CE62-4748-9A82-E64D39845D07}.Debug|Any CPU.Build.0 = Debug|Any CPU
		{88FA90EA-CE62-4748-9A82-E64D39845D07}.Release|Any CPU.ActiveCfg = Release|Any CPU
		{88FA90EA-CE62-4748-9A82-E64D39845D07}.Release|Any CPU.Build.0 = Release|Any CPU
		{ECB26CF1-003B-420F-A561-2E4A36D9F7AD}.Debug|Any CPU.ActiveCfg = Debug|Any CPU
		{ECB26CF1-003B-420F-A561-2E4A36D9F7AD}.Debug|Any CPU.Build.0 = Debug|Any CPU
		{ECB26CF1-003B-420F-A561-2E4A36D9F7AD}.Release|Any CPU.ActiveCfg = Release|Any CPU
		{ECB26CF1-003B-420F-A561-2E4A36D9F7AD}.Release|Any CPU.Build.0 = Release|Any CPU
	EndGlobalSection
	GlobalSection(SolutionProperties) = preSolution
		HideSolutionNode = FALSE
	EndGlobalSection
	GlobalSection(ExtensibilityGlobals) = postSolution
		SolutionGuid = {D588195A-568C-4936-9271-E2E972CC5B74}
	EndGlobalSection
EndGlobal
